Microsoft Visual Studio Solution File, Format Version 12.00
# Visual Studio Version 17
VisualStudioVersion = 17.14.36301.6 d17.14
MinimumVisualStudioVersion = 10.0.40219.1
Project("{FAE04EC0-301F-11D3-BF4B-00C04F79EFBC}") = "RecruiterManagement", "RecruiterManagement\RecruiterManagement.csproj", "{CF90943A-310C-4E5E-AB06-3C23BF90FEA2}"
EndProject
Global
	GlobalSection(SolutionConfigurationPlatforms) = preSolution
		Debug|Any CPU = Debug|Any CPU
		Release|Any CPU = Release|Any CPU
	EndGlobalSection
	GlobalSection(ProjectConfigurationPlatforms) = postSolution
		{CF90943A-310C-4E5E-AB06-3C23BF90FEA2}.Debug|Any CPU.ActiveCfg = Debug|Any CPU
		{CF90943A-310C-4E5E-AB06-3C23BF90FEA2}.Debug|Any CPU.Build.0 = Debug|Any CPU
		{CF90943A-310C-4E5E-AB06-3C23BF90FEA2}.Release|Any CPU.ActiveCfg = Release|Any CPU
		{CF90943A-310C-4E5E-AB06-3C23BF90FEA2}.Release|Any CPU.Build.0 = Release|Any CPU
	EndGlobalSection
	GlobalSection(SolutionProperties) = preSolution
		HideSolutionNode = FALSE
	EndGlobalSection
	GlobalSection(ExtensibilityGlobals) = postSolution
		SolutionGuid = {D0053391-577F-4011-8957-2BA9BC249ADF}
	EndGlobalSection
EndGlobal
